
Microsoft Visual Studio Solution File, Format Version 12.00
# Visual Studio Version 16
VisualStudioVersion = 16.0.31112.23
MinimumVisualStudioVersion = 10.0.40219.1
Project("{FAE04EC0-301F-11D3-BF4B-00C04F79EFBC}") = "Actividad Integradora 2 Problema 3", "Actividad Integradora 2 Problema 3.csproj", "{CED0D43B-E0F8-4F9B-BD8D-A942DD941C2F}"
EndProject
Global
	GlobalSection(SolutionConfigurationPlatforms) = preSolution
		Debug|Any CPU = Debug|Any CPU
		Release|Any CPU = Release|Any CPU
	EndGlobalSection
	GlobalSection(ProjectConfigurationPlatforms) = postSolution
		{CED0D43B-E0F8-4F9B-BD8D-A942DD941C2F}.Debug|Any CPU.ActiveCfg = Debug|Any CPU
		{CED0D43B-E0F8-4F9B-BD8D-A942DD941C2F}.Debug|Any CPU.Build.0 = Debug|Any CPU
		{CED0D43B-E0F8-4F9B-BD8D-A942DD941C2F}.Release|Any CPU.ActiveCfg = Release|Any CPU
		{CED0D43B-E0F8-4F9B-BD8D-A942DD941C2F}.Release|Any CPU.Build.0 = Release|Any CPU
	EndGlobalSection
	GlobalSection(SolutionProperties) = preSolution
		HideSolutionNode = FALSE
	EndGlobalSection
	GlobalSection(ExtensibilityGlobals) = postSolution
		SolutionGuid = {C07F1ACB-2B08-4AB7-BFBE-9455E7C727EF}
	EndGlobalSection
EndGlobal
